
Microsoft Visual Studio Solution File, Format Version 12.00
# Visual Studio Version 16
VisualStudioVersion = 16.0.31129.286
MinimumVisualStudioVersion = 10.0.40219.1
Project("{FAE04EC0-301F-11D3-BF4B-00C04F79EFBC}") = "Ask.fm Bot", "Ask.fm Bot\Ask.fm Bot.csproj", "{491C58BC-0F4E-4582-AE2C-4687F8B1655B}"
EndProject
Global
	GlobalSection(SolutionConfigurationPlatforms) = preSolution
		Debug|Any CPU = Debug|Any CPU
		Release|Any CPU = Release|Any CPU
	EndGlobalSection
	GlobalSection(ProjectConfigurationPlatforms) = postSolution
		{491C58BC-0F4E-4582-AE2C-4687F8B1655B}.Debug|Any CPU.ActiveCfg = Debug|Any CPU
		{491C58BC-0F4E-4582-AE2C-4687F8B1655B}.Debug|Any CPU.Build.0 = Debug|Any CPU
		{491C58BC-0F4E-4582-AE2C-4687F8B1655B}.Release|Any CPU.ActiveCfg = Release|Any CPU
		{491C58BC-0F4E-4582-AE2C-4687F8B1655B}.Release|Any CPU.Build.0 = Release|Any CPU
	EndGlobalSection
	GlobalSection(SolutionProperties) = preSolution
		HideSolutionNode = FALSE
	EndGlobalSection
	GlobalSection(ExtensibilityGlobals) = postSolution
		SolutionGuid = {BB8036EC-468A-4DA7-807C-337B160D867F}
	EndGlobalSection
EndGlobal
